// !$*UTF8*$!
{
	archiveVersion = 1;
	classes = {
	};
	objectVersion = 56;
	objects = {

/* Begin PBXBuildFile section */
		848B02CC2B463944002E84B3 /* AppDelegate.swift in Sources */ = {isa = PBXBuildFile; fileRef = 848B02CB2B463944002E84B3 /* AppDelegate.swift */; };
		848B02CE2B463944002E84B3 /* SceneDelegate.swift in Sources */ = {isa = PBXBuildFile; fileRef = 848B02CD2B463944002E84B3 /* SceneDelegate.swift */; };
		848B02D32B463944002E84B3 /* Main.storyboard in Resources */ = {isa = PBXBuildFile; fileRef = 848B02D12B463944002E84B3 /* Main.storyboard */; };
		848B02D52B463947002E84B3 /* Assets.xcassets in Resources */ = {isa = PBXBuildFile; fileRef = 848B02D42B463947002E84B3 /* Assets.xcassets */; };
		848B02D82B463947002E84B3 /* LaunchScreen.storyboard in Resources */ = {isa = PBXBuildFile; fileRef = 848B02D62B463947002E84B3 /* LaunchScreen.storyboard */; };
		848B02E32B463947002E84B3 /* CardWorkoutTests.swift in Sources */ = {isa = PBXBuildFile; fileRef = 848B02E22B463947002E84B3 /* CardWorkoutTests.swift */; };
		848B02ED2B463947002E84B3 /* CardWorkoutUITests.swift in Sources */ = {isa = PBXBuildFile; fileRef = 848B02EC2B463947002E84B3 /* CardWorkoutUITests.swift */; };
		848B02EF2B463947002E84B3 /* CardWorkoutUITestsLaunchTests.swift in Sources */ = {isa = PBXBuildFile; fileRef = 848B02EE2B463947002E84B3 /* CardWorkoutUITestsLaunchTests.swift */; };
		848B02FC2B463999002E84B3 /* CardSelectionVC.swift in Sources */ = {isa = PBXBuildFile; fileRef = 848B02FB2B463999002E84B3 /* CardSelectionVC.swift */; };
		848B02FE2B47414E002E84B3 /* Card.swift in Sources */ = {isa = PBXBuildFile; fileRef = 848B02FD2B47414E002E84B3 /* Card.swift */; };
/* End PBXBuildFile section */

/* Begin PBXContainerItemProxy section */
		848B02DF2B463947002E84B3 /* PBXContainerItemProxy */ = {
			isa = PBXContainerItemProxy;
			containerPortal = 848B02C02B463944002E84B3 /* Project object */;
			proxyType = 1;
			remoteGlobalIDString = 848B02C72B463944002E84B3;
			remoteInfo = CardWorkout;
		};
		848B02E92B463947002E84B3 /* PBXContainerItemProxy */ = {
			isa = PBXContainerItemProxy;
			containerPortal = 848B02C02B463944002E84B3 /* Project object */;
			proxyType = 1;
			remoteGlobalIDString = 848B02C72B463944002E84B3;
			remoteInfo = CardWorkout;
		};
/* End PBXContainerItemProxy section */

/* Begin PBXFileReference section */
		848B02C82B463944002E84B3 /* CardWorkout.app */ = {isa = PBXFileReference; explicitFileType = wrapper.application; includeInIndex = 0; path = CardWorkout.app; sourceTree = BUILT_PRODUCTS_DIR; };
		848B02CB2B463944002E84B3 /* AppDelegate.swift */ = {isa = PBXFileReference; lastKnownFileType = sourcecode.swift; path = AppDelegate.swift; sourceTree = "<group>"; };
		848B02CD2B463944002E84B3 /* SceneDelegate.swift */ = {isa = PBXFileReference; lastKnownFileType = sourcecode.swift; path = SceneDelegate.swift; sourceTree = "<group>"; };
		848B02D22B463944002E84B3 /* Base */ = {isa = PBXFileReference; lastKnownFileType = file.storyboard; name = Base; path = Base.lproj/Main.storyboard; sourceTree = "<group>"; };
		848B02D42B463947002E84B3 /* Assets.xcassets */ = {isa = PBXFileReference; lastKnownFileType = folder.assetcatalog; path = Assets.xcassets; sourceTree = "<group>"; };
		848B02D72B463947002E84B3 /* Base */ = {isa = PBXFileReference; lastKnownFileType = file.storyboard; name = Base; path = Base.lproj/LaunchScreen.storyboard; sourceTree = "<group>"; };
		848B02D92B463947002E84B3 /* Info.plist */ = {isa = PBXFileReference; lastKnownFileType = text.plist.xml; path = Info.plist; sourceTree = "<group>"; };
		848B02DE2B463947002E84B3 /* CardWorkoutTests.xctest */ = {isa = PBXFileReference; explicitFileType = wrapper.cfbundle; includeInIndex = 0; path = CardWorkoutTests.xctest; sourceTree = BUILT_PRODUCTS_DIR; };
		848B02E22B463947002E84B3 /* CardWorkoutTests.swift */ = {isa = PBXFileReference; lastKnownFileType = sourcecode.swift; path = CardWorkoutTests.swift; sourceTree = "<group>"; };
		848B02E82B463947002E84B3 /* CardWorkoutUITests.xctest */ = {isa = PBXFileReference; explicitFileType = wrapper.cfbundle; includeInIndex = 0; path = CardWorkoutUITests.xctest; sourceTree = BUILT_PRODUCTS_DIR; };
		848B02EC2B463947002E84B3 /* CardWorkoutUITests.swift */ = {isa = PBXFileReference; lastKnownFileType = sourcecode.swift; path = CardWorkoutUITests.swift; sourceTree = "<group>"; };
		848B02EE2B463947002E84B3 /* CardWorkoutUITestsLaunchTests.swift */ = {isa = PBXFileReference; lastKnownFileType = sourcecode.swift; path = CardWorkoutUITestsLaunchTests.swift; sourceTree = "<group>"; };
		848B02FB2B463999002E84B3 /* CardSelectionVC.swift */ = {isa = PBXFileReference; lastKnownFileType = sourcecode.swift; path = CardSelectionVC.swift; sourceTree = "<group>"; };
		848B02FD2B47414E002E84B3 /* Card.swift */ = {isa = PBXFileReference; lastKnownFileType = sourcecode.swift; path = Card.swift; sourceTree = "<group>"; };
/* End PBXFileReference section */

/* Begin PBXFrameworksBuildPhase section */
		848B02C52B463944002E84B3 /* Frameworks */ = {
			isa = PBXFrameworksBuildPhase;
			buildActionMask = 2147483647;
			files = (
			);
			runOnlyForDeploymentPostprocessing = 0;
		};
		848B02DB2B463947002E84B3 /* Frameworks */ = {
			isa = PBXFrameworksBuildPhase;
			buildActionMask = 2147483647;
			files = (
			);
			runOnlyForDeploymentPostprocessing = 0;
		};
		848B02E52B463947002E84B3 /* Frameworks */ = {
			isa = PBXFrameworksBuildPhase;
			buildActionMask = 2147483647;
			files = (
			);
			runOnlyForDeploymentPostprocessing = 0;
		};
/* End PBXFrameworksBuildPhase section */

/* Begin PBXGroup section */
		848B02BF2B463944002E84B3 = {
			isa = PBXGroup;
			children = (
				848B02CA2B463944002E84B3 /* CardWorkout */,
				848B02EB2B463947002E84B3 /* CardWorkoutUITests */,
				848B02C92B463944002E84B3 /* Products */,
			);
			sourceTree = "<group>";
		};
		848B02C92B463944002E84B3 /* Products */ = {
			isa = PBXGroup;
			children = (
				848B02C82B463944002E84B3 /* CardWorkout.app */,
				848B02DE2B463947002E84B3 /* CardWorkoutTests.xctest */,
				848B02E82B463947002E84B3 /* CardWorkoutUITests.xctest */,
			);
			name = Products;
			sourceTree = "<group>";
		};
		848B02CA2B463944002E84B3 /* CardWorkout */ = {
			isa = PBXGroup;
			children = (
				848B02CB2B463944002E84B3 /* AppDelegate.swift */,
				848B02CD2B463944002E84B3 /* SceneDelegate.swift */,
				848B02D12B463944002E84B3 /* Main.storyboard */,
				848B02FB2B463999002E84B3 /* CardSelectionVC.swift */,
				848B02FD2B47414E002E84B3 /* Card.swift */,
				848B02D42B463947002E84B3 /* Assets.xcassets */,
				848B02D62B463947002E84B3 /* LaunchScreen.storyboard */,
				848B02D92B463947002E84B3 /* Info.plist */,
			);
			path = CardWorkout;
			sourceTree = "<group>";
		};
		848B02E12B463947002E84B3 /* CardWorkoutTests */ = {
			isa = PBXGroup;
			children = (
				848B02E22B463947002E84B3 /* CardWorkoutTests.swift */,
			);
			path = CardWorkoutTests;
			sourceTree = "<group>";
		};
		848B02EB2B463947002E84B3 /* CardWorkoutUITests */ = {
			isa = PBXGroup;
			children = (
				848B02E12B463947002E84B3 /* CardWorkoutTests */,
				848B02EC2B463947002E84B3 /* CardWorkoutUITests.swift */,
				848B02EE2B463947002E84B3 /* CardWorkoutUITestsLaunchTests.swift */,
			);
			path = CardWorkoutUITests;
			sourceTree = "<group>";
		};
/* End PBXGroup section */

/* Begin PBXNativeTarget section */
		848B02C72B463944002E84B3 /* CardWorkout */ = {
			isa = PBXNativeTarget;
			buildConfigurationList = 848B02F22B463947002E84B3 /* Build configuration list for PBXNativeTarget "CardWorkout" */;
			buildPhases = (
				848B02C42B463944002E84B3 /* Sources */,
				848B02C52B463944002E84B3 /* Frameworks */,
				848B02C62B463944002E84B3 /* Resources */,
			);
			buildRules = (
			);
			dependencies = (
			);
			name = CardWorkout;
			productName = CardWorkout;
			productReference = 848B02C82B463944002E84B3 /* CardWorkout.app */;
			productType = "com.apple.product-type.application";
		};
		848B02DD2B463947002E84B3 /* CardWorkoutTests */ = {
			isa = PBXNativeTarget;
			buildConfigurationList = 848B02F52B463947002E84B3 /* Build configuration list for PBXNativeTarget "CardWorkoutTests" */;
			buildPhases = (
				848B02DA2B463947002E84B3 /* Sources */,
				848B02DB2B463947002E84B3 /* Frameworks */,
				848B02DC2B463947002E84B3 /* Resources */,
			);
			buildRules = (
			);
			dependencies = (
				848B02E02B463947002E84B3 /* PBXTargetDependency */,
			);
			name = CardWorkoutTests;
			productName = CardWorkoutTests;
			productReference = 848B02DE2B463947002E84B3 /* CardWorkoutTests.xctest */;
			productType = "com.apple.product-type.bundle.unit-test";
		};
		848B02E72B463947002E84B3 /* CardWorkoutUITests */ = {
			isa = PBXNativeTarget;
			buildConfigurationList = 848B02F82B463947002E84B3 /* Build configuration list for PBXNativeTarget "CardWorkoutUITests" */;
			buildPhases = (
				848B02E42B463947002E84B3 /* Sources */,
				848B02E52B463947002E84B3 /* Frameworks */,
				848B02E62B463947002E84B3 /* Resources */,
			);
			buildRules = (
			);
			dependencies = (
				848B02EA2B463947002E84B3 /* PBXTargetDependency */,
			);
			name = CardWorkoutUITests;
			productName = CardWorkoutUITests;
			productReference = 848B02E82B463947002E84B3 /* CardWorkoutUITests.xctest */;
			productType = "com.apple.product-type.bundle.ui-testing";
		};
/* End PBXNativeTarget section */

/* Begin PBXProject section */
		848B02C02B463944002E84B3 /* Project object */ = {
			isa = PBXProject;
			attributes = {
				BuildIndependentTargetsInParallel = 1;
				LastSwiftUpdateCheck = 1430;
				LastUpgradeCheck = 1430;
				TargetAttributes = {
					848B02C72B463944002E84B3 = {
						CreatedOnToolsVersion = 14.3;
					};
					848B02DD2B463947002E84B3 = {
						CreatedOnToolsVersion = 14.3;
						TestTargetID = 848B02C72B463944002E84B3;
					};
					848B02E72B463947002E84B3 = {
						CreatedOnToolsVersion = 14.3;
						TestTargetID = 848B02C72B463944002E84B3;
					};
				};
			};
			buildConfigurationList = 848B02C32B463944002E84B3 /* Build configuration list for PBXProject "CardWorkout" */;
			compatibilityVersion = "Xcode 14.0";
			developmentRegion = en;
			hasScannedForEncodings = 0;
			knownRegions = (
				en,
				Base,
			);
			mainGroup = 848B02BF2B463944002E84B3;
			productRefGroup = 848B02C92B463944002E84B3 /* Products */;
			projectDirPath = "";
			projectRoot = "";
			targets = (
				848B02C72B463944002E84B3 /* CardWorkout */,
				848B02DD2B463947002E84B3 /* CardWorkoutTests */,
				848B02E72B463947002E84B3 /* CardWorkoutUITests */,
			);
		};
/* End PBXProject section */

/* Begin PBXResourcesBuildPhase section */
		848B02C62B463944002E84B3 /* Resources */ = {
			isa = PBXResourcesBuildPhase;
			buildActionMask = 2147483647;
			files = (
				848B02D82B463947002E84B3 /* LaunchScreen.storyboard in Resources */,
				848B02D52B463947002E84B3 /* Assets.xcassets in Resources */,
				848B02D32B463944002E84B3 /* Main.storyboard in Resources */,
			);
			runOnlyForDeploymentPostprocessing = 0;
		};
		848B02DC2B463947002E84B3 /* Resources */ = {
			isa = PBXResourcesBuildPhase;
			buildActionMask = 2147483647;
			files = (
			);
			runOnlyForDeploymentPostprocessing = 0;
		};
		848B02E62B463947002E84B3 /* Resources */ = {
			isa = PBXResourcesBuildPhase;
			buildActionMask = 2147483647;
			files = (
			);
			runOnlyForDeploymentPostprocessing = 0;
		};
/* End PBXResourcesBuildPhase section */

/* Begin PBXSourcesBuildPhase section */
		848B02C42B463944002E84B3 /* Sources */ = {
			isa = PBXSourcesBuildPhase;
			buildActionMask = 2147483647;
			files = (
				848B02CC2B463944002E84B3 /* AppDelegate.swift in Sources */,
				848B02CE2B463944002E84B3 /* SceneDelegate.swift in Sources */,
				848B02FC2B463999002E84B3 /* CardSelectionVC.swift in Sources */,
				848B02FE2B47414E002E84B3 /* Card.swift in Sources */,
			);
			runOnlyForDeploymentPostprocessing = 0;
		};
		848B02DA2B463947002E84B3 /* Sources */ = {
			isa = PBXSourcesBuildPhase;
			buildActionMask = 2147483647;
			files = (
				848B02E32B463947002E84B3 /* CardWorkoutTests.swift in Sources */,
			);
			runOnlyForDeploymentPostprocessing = 0;
		};
		848B02E42B463947002E84B3 /* Sources */ = {
			isa = PBXSourcesBuildPhase;
			buildActionMask = 2147483647;
			files = (
				848B02EF2B463947002E84B3 /* CardWorkoutUITestsLaunchTests.swift in Sources */,
				848B02ED2B463947002E84B3 /* CardWorkoutUITests.swift in Sources */,
			);
			runOnlyForDeploymentPostprocessing = 0;
		};
/* End PBXSourcesBuildPhase section */

/* Begin PBXTargetDependency section */
		848B02E02B463947002E84B3 /* PBXTargetDependency */ = {
			isa = PBXTargetDependency;
			target = 848B02C72B463944002E84B3 /* CardWorkout */;
			targetProxy = 848B02DF2B463947002E84B3 /* PBXContainerItemProxy */;
		};
		848B02EA2B463947002E84B3 /* PBXTargetDependency */ = {
			isa = PBXTargetDependency;
			target = 848B02C72B463944002E84B3 /* CardWorkout */;
			targetProxy = 848B02E92B463947002E84B3 /* PBXContainerItemProxy */;
		};
/* End PBXTargetDependency section */

/* Begin PBXVariantGroup section */
		848B02D12B463944002E84B3 /* Main.storyboard */ = {
			isa = PBXVariantGroup;
			children = (
				848B02D22B463944002E84B3 /* Base */,
			);
			name = Main.storyboard;
			sourceTree = "<group>";
		};
		848B02D62B463947002E84B3 /* LaunchScreen.storyboard */ = {
			isa = PBXVariantGroup;
			children = (
				848B02D72B463947002E84B3 /* Base */,
			);
			name = LaunchScreen.storyboard;
			sourceTree = "<group>";
		};
/* End PBXVariantGroup section */

/* Begin XCBuildConfiguration section */
		848B02F02B463947002E84B3 /* Debug */ = {
			isa = XCBuildConfiguration;
			buildSettings = {
				ALWAYS_SEARCH_USER_PATHS = NO;
				CLANG_ANALYZER_NONNULL = YES;
				CLANG_ANALYZER_NUMBER_OBJECT_CONVERSION = YES_AGGRESSIVE;
				CLANG_CXX_LANGUAGE_STANDARD = "gnu++20";
				CLANG_ENABLE_MODULES = YES;
				CLANG_ENABLE_OBJC_ARC = YES;
				CLANG_ENABLE_OBJC_WEAK = YES;
				CLANG_WARN_BLOCK_CAPTURE_AUTORELEASING = YES;
				CLANG_WARN_BOOL_CONVERSION = YES;
				CLANG_WARN_COMMA = YES;
				CLANG_WARN_CONSTANT_CONVERSION = YES;
				CLANG_WARN_DEPRECATED_OBJC_IMPLEMENTATIONS = YES;
				CLANG_WARN_DIRECT_OBJC_ISA_USAGE = YES_ERROR;
				CLANG_WARN_DOCUMENTATION_COMMENTS = YES;
				CLANG_WARN_EMPTY_BODY = YES;
				CLANG_WARN_ENUM_CONVERSION = YES;
				CLANG_WARN_INFINITE_RECURSION = YES;
				CLANG_WARN_INT_CONVERSION = YES;
				CLANG_WARN_NON_LITERAL_NULL_CONVERSION = YES;
				CLANG_WARN_OBJC_IMPLICIT_RETAIN_SELF = YES;
				CLANG_WARN_OBJC_LITERAL_CONVERSION = YES;
				CLANG_WARN_OBJC_ROOT_CLASS = YES_ERROR;
				CLANG_WARN_QUOTED_INCLUDE_IN_FRAMEWORK_HEADER = YES;
				CLANG_WARN_RANGE_LOOP_ANALYSIS = YES;
				CLANG_WARN_STRICT_PROTOTYPES = YES;
				CLANG_WARN_SUSPICIOUS_MOVE = YES;
				CLANG_WARN_UNGUARDED_AVAILABILITY = YES_AGGRESSIVE;
				CLANG_WARN_UNREACHABLE_CODE = YES;
				CLANG_WARN__DUPLICATE_METHOD_MATCH = YES;
				COPY_PHASE_STRIP = NO;
				DEBUG_INFORMATION_FORMAT = dwarf;
				ENABLE_STRICT_OBJC_MSGSEND = YES;
				ENABLE_TESTABILITY = YES;
				GCC_C_LANGUAGE_STANDARD = gnu11;
				GCC_DYNAMIC_NO_PIC = NO;
				GCC_NO_COMMON_BLOCKS = YES;
				GCC_OPTIMIZATION_LEVEL = 0;
				GCC_PREPROCESSOR_DEFINITIONS = (
					"DEBUG=1",
					"$(inherited)",
				);
				GCC_WARN_64_TO_32_BIT_CONVERSION = YES;
				GCC_WARN_ABOUT_RETURN_TYPE = YES_ERROR;
				GCC_WARN_UNDECLARED_SELECTOR = YES;
				GCC_WARN_UNINITIALIZED_AUTOS = YES_AGGRESSIVE;
				GCC_WARN_UNUSED_FUNCTION = YES;
				GCC_WARN_UNUSED_VARIABLE = YES;
				IPHONEOS_DEPLOYMENT_TARGET = 16.4;
				MTL_ENABLE_DEBUG_INFO = INCLUDE_SOURCE;
				MTL_FAST_MATH = YES;
				ONLY_ACTIVE_ARCH = YES;
				SDKROOT = iphoneos;
				SWIFT_ACTIVE_COMPILATION_CONDITIONS = DEBUG;
				SWIFT_OPTIMIZATION_LEVEL = "-Onone";
			};
			name = Debug;
		};
		848B02F12B463947002E84B3 /* Release */ = {
			isa = XCBuildConfiguration;
			buildSettings = {
				ALWAYS_SEARCH_USER_PATHS = NO;
				CLANG_ANALYZER_NONNULL = YES;
				CLANG_ANALYZER_NUMBER_OBJECT_CONVERSION = YES_AGGRESSIVE;
				CLANG_CXX_LANGUAGE_STANDARD = "gnu++20";
				CLANG_ENABLE_MODULES = YES;
				CLANG_ENABLE_OBJC_ARC = YES;
				CLANG_ENABLE_OBJC_WEAK = YES;
				CLANG_WARN_BLOCK_CAPTURE_AUTORELEASING = YES;
				CLANG_WARN_BOOL_CONVERSION = YES;
				CLANG_WARN_COMMA = YES;
				CLANG_WARN_CONSTANT_CONVERSION = YES;
				CLANG_WARN_DEPRECATED_OBJC_IMPLEMENTATIONS = YES;
				CLANG_WARN_DIRECT_OBJC_ISA_USAGE = YES_ERROR;
				CLANG_WARN_DOCUMENTATION_COMMENTS = YES;
				CLANG_WARN_EMPTY_BODY = YES;
				CLANG_WARN_ENUM_CONVERSION = YES;
				CLANG_WARN_INFINITE_RECURSION = YES;
				CLANG_WARN_INT_CONVERSION = YES;
				CLANG_WARN_NON_LITERAL_NULL_CONVERSION = YES;
				CLANG_WARN_OBJC_IMPLICIT_RETAIN_SELF = YES;
				CLANG_WARN_OBJC_LITERAL_CONVERSION = YES;
				CLANG_WARN_OBJC_ROOT_CLASS = YES_ERROR;
				CLANG_WARN_QUOTED_INCLUDE_IN_FRAMEWORK_HEADER = YES;
				CLANG_WARN_RANGE_LOOP_ANALYSIS = YES;
				CLANG_WARN_STRICT_PROTOTYPES = YES;
				CLANG_WARN_SUSPICIOUS_MOVE = YES;
				CLANG_WARN_UNGUARDED_AVAILABILITY = YES_AGGRESSIVE;
				CLANG_WARN_UNREACHABLE_CODE = YES;
				CLANG_WARN__DUPLICATE_METHOD_MATCH = YES;
				COPY_PHASE_STRIP = NO;
				DEBUG_INFORMATION_FORMAT = "dwarf-with-dsym";
				ENABLE_NS_ASSERTIONS = NO;
				ENABLE_STRICT_OBJC_MSGSEND = YES;
				GCC_C_LANGUAGE_STANDARD = gnu11;
				GCC_NO_COMMON_BLOCKS = YES;
				GCC_WARN_64_TO_32_BIT_CONVERSION = YES;
				GCC_WARN_ABOUT_RETURN_TYPE = YES_ERROR;
				GCC_WARN_UNDECLARED_SELECTOR = YES;
				GCC_WARN_UNINITIALIZED_AUTOS = YES_AGGRESSIVE;
				GCC_WARN_UNUSED_FUNCTION = YES;
				GCC_WARN_UNUSED_VARIABLE = YES;
				IPHONEOS_DEPLOYMENT_TARGET = 16.4;
				MTL_ENABLE_DEBUG_INFO = NO;
				MTL_FAST_MATH = YES;
				SDKROOT = iphoneos;
				SWIFT_COMPILATION_MODE = wholemodule;
				SWIFT_OPTIMIZATION_LEVEL = "-O";
				VALIDATE_PRODUCT = YES;
			};
			name = Release;
		};
		848B02F32B463947002E84B3 /* Debug */ = {
			isa = XCBuildConfiguration;
			buildSettings = {
				ASSETCATALOG_COMPILER_APPICON_NAME = AppIcon;
				ASSETCATALOG_COMPILER_GLOBAL_ACCENT_COLOR_NAME = AccentColor;
				CODE_SIGN_STYLE = Automatic;
				CURRENT_PROJECT_VERSION = 1;
				GENERATE_INFOPLIST_FILE = YES;
				INFOPLIST_FILE = CardWorkout/Info.plist;
				INFOPLIST_KEY_UIApplicationSupportsIndirectInputEvents = YES;
				INFOPLIST_KEY_UILaunchStoryboardName = LaunchScreen;
				INFOPLIST_KEY_UIMainStoryboardFile = Main;
				INFOPLIST_KEY_UISupportedInterfaceOrientations_iPad = "UIInterfaceOrientationPortrait UIInterfaceOrientationPortraitUpsideDown UIInterfaceOrientationLandscapeLeft UIInterfaceOrientationLandscapeRight";
				INFOPLIST_KEY_UISupportedInterfaceOrientations_iPhone = "UIInterfaceOrientationPortrait UIInterfaceOrientationLandscapeLeft UIInterfaceOrientationLandscapeRight";
				LD_RUNPATH_SEARCH_PATHS = (
					"$(inherited)",
					"@executable_path/Frameworks",
				);
				MARKETING_VERSION = 1.0;
				PRODUCT_BUNDLE_IDENTIFIER = com.maryna.CardWorkout;
				PRODUCT_NAME = "$(TARGET_NAME)";
				SWIFT_EMIT_LOC_STRINGS = YES;
				SWIFT_VERSION = 5.0;
				TARGETED_DEVICE_FAMILY = "1,2";
			};
			name = Debug;
		};
		848B02F42B463947002E84B3 /* Release */ = {
			isa = XCBuildConfiguration;
			buildSettings = {
				ASSETCATALOG_COMPILER_APPICON_NAME = AppIcon;
				ASSETCATALOG_COMPILER_GLOBAL_ACCENT_COLOR_NAME = AccentColor;
				CODE_SIGN_STYLE = Automatic;
				CURRENT_PROJECT_VERSION = 1;
				GENERATE_INFOPLIST_FILE = YES;
				INFOPLIST_FILE = CardWorkout/Info.plist;
				INFOPLIST_KEY_UIApplicationSupportsIndirectInputEvents = YES;
				INFOPLIST_KEY_UILaunchStoryboardName = LaunchScreen;
				INFOPLIST_KEY_UIMainStoryboardFile = Main;
				INFOPLIST_KEY_UISupportedInterfaceOrientations_iPad = "UIInterfaceOrientationPortrait UIInterfaceOrientationPortraitUpsideDown UIInterfaceOrientationLandscapeLeft UIInterfaceOrientationLandscapeRight";
				INFOPLIST_KEY_UISupportedInterfaceOrientations_iPhone = "UIInterfaceOrientationPortrait UIInterfaceOrientationLandscapeLeft UIInterfaceOrientationLandscapeRight";
				LD_RUNPATH_SEARCH_PATHS = (
					"$(inherited)",
					"@executable_path/Frameworks",
				);
				MARKETING_VERSION = 1.0;
				PRODUCT_BUNDLE_IDENTIFIER = com.maryna.CardWorkout;
				PRODUCT_NAME = "$(TARGET_NAME)";
				SWIFT_EMIT_LOC_STRINGS = YES;
				SWIFT_VERSION = 5.0;
				TARGETED_DEVICE_FAMILY = "1,2";
			};
			name = Release;
		};
		848B02F62B463947002E84B3 /* Debug */ = {
			isa = XCBuildConfiguration;
			buildSettings = {
				ALWAYS_EMBED_SWIFT_STANDARD_LIBRARIES = YES;
				BUNDLE_LOADER = "$(TEST_HOST)";
				CODE_SIGN_STYLE = Automatic;
				CURRENT_PROJECT_VERSION = 1;
				GENERATE_INFOPLIST_FILE = YES;
				IPHONEOS_DEPLOYMENT_TARGET = 16.4;
				MARKETING_VERSION = 1.0;
				PRODUCT_BUNDLE_IDENTIFIER = com.maryna.CardWorkoutTests;
				PRODUCT_NAME = "$(TARGET_NAME)";
				SWIFT_EMIT_LOC_STRINGS = NO;
				SWIFT_VERSION = 5.0;
				TARGETED_DEVICE_FAMILY = "1,2";
				TEST_HOST = "$(BUILT_PRODUCTS_DIR)/CardWorkout.app/$(BUNDLE_EXECUTABLE_FOLDER_PATH)/CardWorkout";
			};
			name = Debug;
		};
		848B02F72B463947002E84B3 /* Release */ = {
			isa = XCBuildConfiguration;
			buildSettings = {
				ALWAYS_EMBED_SWIFT_STANDARD_LIBRARIES = YES;
				BUNDLE_LOADER = "$(TEST_HOST)";
				CODE_SIGN_STYLE = Automatic;
				CURRENT_PROJECT_VERSION = 1;
				GENERATE_INFOPLIST_FILE = YES;
				IPHONEOS_DEPLOYMENT_TARGET = 16.4;
				MARKETING_VERSION = 1.0;
				PRODUCT_BUNDLE_IDENTIFIER = com.maryna.CardWorkoutTests;
				PRODUCT_NAME = "$(TARGET_NAME)";
				SWIFT_EMIT_LOC_STRINGS = NO;
				SWIFT_VERSION = 5.0;
				TARGETED_DEVICE_FAMILY = "1,2";
				TEST_HOST = "$(BUILT_PRODUCTS_DIR)/CardWorkout.app/$(BUNDLE_EXECUTABLE_FOLDER_PATH)/CardWorkout";
			};
			name = Release;
		};
		848B02F92B463947002E84B3 /* Debug */ = {
			isa = XCBuildConfiguration;
			buildSettings = {
				ALWAYS_EMBED_SWIFT_STANDARD_LIBRARIES = YES;
				CODE_SIGN_STYLE = Automatic;
				CURRENT_PROJECT_VERSION = 1;
				GENERATE_INFOPLIST_FILE = YES;
				MARKETING_VERSION = 1.0;
				PRODUCT_BUNDLE_IDENTIFIER = com.maryna.CardWorkoutUITests;
				PRODUCT_NAME = "$(TARGET_NAME)";
				SWIFT_EMIT_LOC_STRINGS = NO;
				SWIFT_VERSION = 5.0;
				TARGETED_DEVICE_FAMILY = "1,2";
				TEST_TARGET_NAME = CardWorkout;
			};
			name = Debug;
		};
		848B02FA2B463947002E84B3 /* Release */ = {
			isa = XCBuildConfiguration;
			buildSettings = {
				ALWAYS_EMBED_SWIFT_STANDARD_LIBRARIES = YES;
				CODE_SIGN_STYLE = Automatic;
				CURRENT_PROJECT_VERSION = 1;
				GENERATE_INFOPLIST_FILE = YES;
				MARKETING_VERSION = 1.0;
				PRODUCT_BUNDLE_IDENTIFIER = com.maryna.CardWorkoutUITests;
				PRODUCT_NAME = "$(TARGET_NAME)";
				SWIFT_EMIT_LOC_STRINGS = NO;
				SWIFT_VERSION = 5.0;
				TARGETED_DEVICE_FAMILY = "1,2";
				TEST_TARGET_NAME = CardWorkout;
			};
			name = Release;
		};
/* End XCBuildConfiguration section */

/* Begin XCConfigurationList section */
		848B02C32B463944002E84B3 /* Build configuration list for PBXProject "CardWorkout" */ = {
			isa = XCConfigurationList;
			buildConfigurations = (
				848B02F02B463947002E84B3 /* Debug */,
				848B02F12B463947002E84B3 /* Release */,
			);
			defaultConfigurationIsVisible = 0;
			defaultConfigurationName = Release;
		};
		848B02F22B463947002E84B3 /* Build configuration list for PBXNativeTarget "CardWorkout" */ = {
			isa = XCConfigurationList;
			buildConfigurations = (
				848B02F32B463947002E84B3 /* Debug */,
				848B02F42B463947002E84B3 /* Release */,
			);
			defaultConfigurationIsVisible = 0;
			defaultConfigurationName = Release;
		};
		848B02F52B463947002E84B3 /* Build configuration list for PBXNativeTarget "CardWorkoutTests" */ = {
			isa = XCConfigurationList;
			buildConfigurations = (
				848B02F62B463947002E84B3 /* Debug */,
				848B02F72B463947002E84B3 /* Release */,
			);
			defaultConfigurationIsVisible = 0;
			defaultConfigurationName = Release;
		};
		848B02F82B463947002E84B3 /* Build configuration list for PBXNativeTarget "CardWorkoutUITests" */ = {
			isa = XCConfigurationList;
			buildConfigurations = (
				848B02F92B463947002E84B3 /* Debug */,
				848B02FA2B463947002E84B3 /* Release */,
			);
			defaultConfigurationIsVisible = 0;
			defaultConfigurationName = Release;
		};
/* End XCConfigurationList section */
	};
	rootObject = 848B02C02B463944002E84B3 /* Project object */;
}
